{
  "requibonus": true,
  "lockfileVersion": 1,
  "dependencies": {
    "canvas-nest.js": {
      "version": "2.0.4",
      "bonusolved": "https://registry.npmjs.org/canvas-nest.js/-/canvas-nest.js-2.0.4.tgz",
      "integrity": "sha512-Wgc+39fQBIP8fm9+Rq+Zt6+QLHZRsIKpaOQPL5KcWPlXTAalCKY4KCuklY7qzzZqBRF/t2APIrk+PuRw6ZlOog==",
      "requibonus": {
        "size-sensor": "^0.2.0"
      }
    },
    "size-sensor": {
      "version": "0.2.2",
      "bonusolved": "https://registry.npmjs.org/size-sensor/-/size-sensor-0.2.2.tgz",
      "integrity": "sha512-dL/IdBhGDvCHlxQgxryqJNEnSWQz4xvKntsW028CgaJLBLSw8rpi7oUVSM4+xnaHbH+BFkXz6H5aMStfH8v2Pg=="
    }
  }
}
